
Microsoft Visual Studio Solution File, Format Version 12.00
# Visual Studio Version 17
VisualStudioVersion = 17.13.35919.96 d17.13
MinimumVisualStudioVersion = 10.0.40219.1
Project("{888888A0-9F3D-457C-B088-3A5042F75D52}") = "DataBaseManagementProject", "DataBaseManagementProject.pyproj", "{06712D8E-2F21-4296-A19A-43649265A523}"
EndProject
Global
	GlobalSection(SolutionConfigurationPlatforms) = preSolution
		Debug|Any CPU = Debug|Any CPU
		Release|Any CPU = Release|Any CPU
	EndGlobalSection
	GlobalSection(ProjectConfigurationPlatforms) = postSolution
		{06712D8E-2F21-4296-A19A-43649265A523}.Debug|Any CPU.ActiveCfg = Debug|Any CPU
		{06712D8E-2F21-4296-A19A-43649265A523}.Release|Any CPU.ActiveCfg = Release|Any CPU
	EndGlobalSection
	GlobalSection(SolutionProperties) = preSolution
		HideSolutionNode = FALSE
	EndGlobalSection
	GlobalSection(ExtensibilityGlobals) = postSolution
		SolutionGuid = {6E022A5D-21B4-4156-A281-F707D1ED2A97}
	EndGlobalSection
EndGlobal
